version: 5
environments:
  default:
    channels:
    - url: https://conda.anaconda.org/conda-forge/
    packages:
      osx-arm64:
      - conda: https://conda.anaconda.org/conda-forge/osx-arm64/libcxx-17.0.6-h5f092b4_0.conda
      - conda: https://conda.anaconda.org/conda-forge/osx-arm64/rattler-build-0.18.0-hc069d6b_0.conda
packages:
- kind: conda
  name: libcxx
  version: 17.0.6
  build: h5f092b4_0
  subdir: osx-arm64
  url: https://conda.anaconda.org/conda-forge/osx-arm64/libcxx-17.0.6-h5f092b4_0.conda
  sha256: 119d3d9306f537d4c89dc99ed99b94c396d262f0b06f7833243646f68884f2c2
  md5: a96fd5dda8ce56c86a971e0fa02751d0
  depends:
  - __osx >=11.0
  license: Apache-2.0 WITH LLVM-exception
  license_family: Apache
  size: 1248885
  timestamp: 1715020154867
- kind: conda
  name: rattler-build
  version: 0.18.0
  build: hc069d6b_0
  subdir: osx-arm64
  url: https://conda.anaconda.org/conda-forge/osx-arm64/rattler-build-0.18.0-hc069d6b_0.conda
  sha256: 4850855e22eb8886c504ba793d5e7b2b159daf601caf775792f24254c8953ab9
  md5: d113bc60193455a733b88618f65fff24
  depends:
  - __osx >=11.0
  - libcxx >=16
  constrains:
  - __osx >=11.0
  license: BSD-3-Clause
  license_family: BSD
  size: 8098070
  timestamp: 1718810129413
