version: 5
environments:
  default:
    channels:
    - url: https://conda.anaconda.org/conda-forge/
    packages:
      linux-64:
      - conda: https://conda.anaconda.org/conda-forge/linux-64/_libgcc_mutex-0.1-conda_forge.tar.bz2
      - conda: https://conda.anaconda.org/conda-forge/linux-64/_openmp_mutex-4.5-2_gnu.tar.bz2
      - conda: https://conda.anaconda.org/conda-forge/linux-64/ca-certificates-2024.6.2-hbcca054_0.conda
      - conda: https://conda.anaconda.org/conda-forge/linux-64/libgcc-ng-13.2.0-h77fa898_13.conda
      - conda: https://conda.anaconda.org/conda-forge/linux-64/libgomp-13.2.0-h77fa898_13.conda
      - conda: https://conda.anaconda.org/conda-forge/linux-64/libstdcxx-ng-13.2.0-hc0a3c3a_13.conda
      - conda: https://conda.anaconda.org/conda-forge/linux-64/openssl-3.3.1-h4ab18f5_1.conda
      - conda: https://conda.anaconda.org/conda-forge/linux-64/rattler-build-0.18.1-h72610f6_0.conda
      osx-64:
      - conda: https://conda.anaconda.org/conda-forge/osx-64/libcxx-17.0.6-h88467a6_0.conda
      - conda: https://conda.anaconda.org/conda-forge/osx-64/rattler-build-0.18.1-h4e38c46_0.conda
      osx-arm64:
      - conda: https://conda.anaconda.org/conda-forge/osx-arm64/libcxx-17.0.6-h5f092b4_0.conda
      - conda: https://conda.anaconda.org/conda-forge/osx-arm64/rattler-build-0.18.1-hc069d6b_0.conda
      win-64:
      - conda: https://conda.anaconda.org/conda-forge/win-64/rattler-build-0.18.1-ha08ef0e_0.conda
      - conda: https://conda.anaconda.org/conda-forge/win-64/ucrt-10.0.22621.0-h57928b3_0.tar.bz2
      - conda: https://conda.anaconda.org/conda-forge/win-64/vc-14.3-h8a93ad2_20.conda
      - conda: https://conda.anaconda.org/conda-forge/win-64/vc14_runtime-14.40.33810-ha82c5b3_20.conda
packages:
- kind: conda
  name: _libgcc_mutex
  version: '0.1'
  build: conda_forge
  subdir: linux-64
  url: https://conda.anaconda.org/conda-forge/linux-64/_libgcc_mutex-0.1-conda_forge.tar.bz2
  sha256: fe51de6107f9edc7aa4f786a70f4a883943bc9d39b3bb7307c04c41410990726
  md5: d7c89558ba9fa0495403155b64376d81
  license: None
  size: 2562
  timestamp: 1578324546067
- kind: conda
  name: _openmp_mutex
  version: '4.5'
  build: 2_gnu
  build_number: 16
  subdir: linux-64
  url: https://conda.anaconda.org/conda-forge/linux-64/_openmp_mutex-4.5-2_gnu.tar.bz2
  sha256: fbe2c5e56a653bebb982eda4876a9178aedfc2b545f25d0ce9c4c0b508253d22
  md5: 73aaf86a425cc6e73fcf236a5a46396d
  depends:
  - _libgcc_mutex 0.1 conda_forge
  - libgomp >=7.5.0
  constrains:
  - openmp_impl 9999
  license: BSD-3-Clause
  license_family: BSD
  size: 23621
  timestamp: 1650670423406
- kind: conda
  name: ca-certificates
  version: 2024.6.2
  build: hbcca054_0
  subdir: linux-64
  url: https://conda.anaconda.org/conda-forge/linux-64/ca-certificates-2024.6.2-hbcca054_0.conda
  sha256: 979af0932b2a5a26112044891a2d79e402e5ae8166f50fa48b8ebae47c0a2d65
  md5: 847c3c2905cc467cea52c24f9cfa8080
  license: ISC
  size: 156035
  timestamp: 1717311767102
- kind: conda
  name: libcxx
  version: 17.0.6
  build: h5f092b4_0
  subdir: osx-arm64
  url: https://conda.anaconda.org/conda-forge/osx-arm64/libcxx-17.0.6-h5f092b4_0.conda
  sha256: 119d3d9306f537d4c89dc99ed99b94c396d262f0b06f7833243646f68884f2c2
  md5: a96fd5dda8ce56c86a971e0fa02751d0
  depends:
  - __osx >=11.0
  license: Apache-2.0 WITH LLVM-exception
  license_family: Apache
  size: 1248885
  timestamp: 1715020154867
- kind: conda
  name: libcxx
  version: 17.0.6
  build: h88467a6_0
  subdir: osx-64
  url: https://conda.anaconda.org/conda-forge/osx-64/libcxx-17.0.6-h88467a6_0.conda
  sha256: e7b57062c1edfcbd13d2129467c94cbff7f0a988ee75782bf48b1dc0e6300b8b
  md5: 0fe355aecb8d24b8bc07c763209adbd9
  depends:
  - __osx >=10.13
  license: Apache-2.0 WITH LLVM-exception
  license_family: Apache
  size: 1249309
  timestamp: 1715020018902
- kind: conda
  name: libgcc-ng
  version: 13.2.0
  build: h77fa898_13
  build_number: 13
  subdir: linux-64
  url: https://conda.anaconda.org/conda-forge/linux-64/libgcc-ng-13.2.0-h77fa898_13.conda
  sha256: ffa0f472c8b37f864de855af2d3c057f1813162319f10ebd97332d73fc27ba60
  md5: 9358cdd61ef0d600d2a0dde2d53b006c
  depends:
  - _libgcc_mutex 0.1 conda_forge
  - _openmp_mutex >=4.5
  constrains:
  - libgomp 13.2.0 h77fa898_13
  license: GPL-3.0-only WITH GCC-exception-3.1
  license_family: GPL
  size: 792721
  timestamp: 1719179941452
- kind: conda
  name: libgomp
  version: 13.2.0
  build: h77fa898_13
  build_number: 13
  subdir: linux-64
  url: https://conda.anaconda.org/conda-forge/linux-64/libgomp-13.2.0-h77fa898_13.conda
  sha256: c5949bec7eee93cdd5c367e6e5c5e92ee1c5139a827567af23853dd52721d8ed
  md5: d370d1855cca14dff6a819c90c77497c
  depends:
  - _libgcc_mutex 0.1 conda_forge
  license: GPL-3.0-only WITH GCC-exception-3.1
  license_family: GPL
  size: 444091
  timestamp: 1719179831697
- kind: conda
  name: libstdcxx-ng
  version: 13.2.0
  build: hc0a3c3a_13
  build_number: 13
  subdir: linux-64
  url: https://conda.anaconda.org/conda-forge/linux-64/libstdcxx-ng-13.2.0-hc0a3c3a_13.conda
  sha256: 143171c6084e526122cc2976fbbfadf7b9f50e5d13036adf20feb7ed9d036dd2
  md5: 1053882642ed5bbc799e1e866ff86826
  depends:
  - libgcc-ng 13.2.0 h77fa898_13
  license: GPL-3.0-only WITH GCC-exception-3.1
  license_family: GPL
  size: 3836375
  timestamp: 1719179964037
- kind: conda
  name: openssl
  version: 3.3.1
  build: h4ab18f5_1
  build_number: 1
  subdir: linux-64
  url: https://conda.anaconda.org/conda-forge/linux-64/openssl-3.3.1-h4ab18f5_1.conda
  sha256: ff3faf8d4c1c9aa4bd3263b596a68fcc6ac910297f354b2ce28718a3509db6d9
  md5: b1e9d076f14e8d776213fd5047b4c3d9
  depends:
  - ca-certificates
  - libgcc-ng >=12
  constrains:
  - pyopenssl >=22.1
  license: Apache-2.0
  license_family: Apache
  size: 2896610
  timestamp: 1719363957188
- kind: conda
  name: rattler-build
  version: 0.18.1
  build: h4e38c46_0
  subdir: osx-64
  url: https://conda.anaconda.org/conda-forge/osx-64/rattler-build-0.18.1-h4e38c46_0.conda
  sha256: b0243ba443693a86e2a3d1b29bfc8baa438a83fca448254b601338a67883c3d6
  md5: 5806e79f5a69ff027a1af654d1358482
  depends:
  - __osx >=10.13
  - libcxx >=16
  constrains:
  - __osx >=10.13
  license: BSD-3-Clause
  license_family: BSD
  size: 8456272
  timestamp: 1719424996372
- kind: conda
  name: rattler-build
  version: 0.18.1
  build: h72610f6_0
  subdir: linux-64
  url: https://conda.anaconda.org/conda-forge/linux-64/rattler-build-0.18.1-h72610f6_0.conda
  sha256: a9c0c3dca83f0669215047e35e33ea1ff0d32c719f22080b2de6d895d9b3bce8
  md5: 5af2c9fc769373e906963fbff24c44ab
  depends:
  - libgcc-ng >=12
  - libstdcxx-ng >=12
  - openssl >=3.3.1,<4.0a0
  license: BSD-3-Clause
  license_family: BSD
  size: 11347191
  timestamp: 1719424616011
- kind: conda
  name: rattler-build
  version: 0.18.1
  build: ha08ef0e_0
  subdir: win-64
  url: https://conda.anaconda.org/conda-forge/win-64/rattler-build-0.18.1-ha08ef0e_0.conda
  sha256: 5e29f95c7cd0e09198d89ac897c1affb80688404309a985e0874aebeec0d8a55
  md5: df8973d7e2643cb8d5b27729a0a1ef1c
  depends:
  - ucrt >=10.0.20348.0
  - vc >=14.2,<15
  - vc14_runtime >=14.29.30139
  license: BSD-3-Clause
  license_family: BSD
  size: 7825518
  timestamp: 1719425741068
- kind: conda
  name: rattler-build
  version: 0.18.1
  build: hc069d6b_0
  subdir: osx-arm64
  url: https://conda.anaconda.org/conda-forge/osx-arm64/rattler-build-0.18.1-hc069d6b_0.conda
  sha256: 857295a4ba9fe67cba583c1223da8061eb5bb022d7a1478ca7bb5bb861e96582
  md5: 874d941ede09e8a8005b7c5d015812d6
  depends:
  - __osx >=11.0
  - libcxx >=16
  constrains:
  - __osx >=11.0
  license: BSD-3-Clause
  license_family: BSD
  size: 8115703
  timestamp: 1719424948999
- kind: conda
  name: ucrt
  version: 10.0.22621.0
  build: h57928b3_0
  subdir: win-64
  url: https://conda.anaconda.org/conda-forge/win-64/ucrt-10.0.22621.0-h57928b3_0.tar.bz2
  sha256: f29cdaf8712008f6b419b8b1a403923b00ab2504bfe0fb2ba8eb60e72d4f14c6
  md5: 72608f6cd3e5898229c3ea16deb1ac43
  constrains:
  - vs2015_runtime >=14.29.30037
  license: LicenseRef-Proprietary
  license_family: PROPRIETARY
  size: 1283972
  timestamp: 1666630199266
- kind: conda
  name: vc
  version: '14.3'
  build: h8a93ad2_20
  build_number: 20
  subdir: win-64
  url: https://conda.anaconda.org/conda-forge/win-64/vc-14.3-h8a93ad2_20.conda
  sha256: 23ac5feb15a9adf3ab2b8c4dcd63650f8b7ae860c5ceb073e49cf71d203eddef
  md5: 8558f367e1d7700554f7cdb823c46faf
  depends:
  - vc14_runtime >=14.40.33810
  track_features:
  - vc14
  license: BSD-3-Clause
  license_family: BSD
  size: 17391
  timestamp: 1717709040616
- kind: conda
  name: vc14_runtime
  version: 14.40.33810
  build: ha82c5b3_20
  build_number: 20
  subdir: win-64
  url: https://conda.anaconda.org/conda-forge/win-64/vc14_runtime-14.40.33810-ha82c5b3_20.conda
  sha256: af3cfa347e3d7c1277e9b964b0849a9a9f095bff61836cb3c3a89862fbc32e17
  md5: e39cc4c34c53654ec939558993d9dc5b
  depends:
  - ucrt >=10.0.20348.0
  constrains:
  - vs2015_runtime 14.40.33810.* *_20
  license: LicenseRef-ProprietaryMicrosoft
  license_family: Proprietary
  size: 751934
  timestamp: 1717709031266
